// !$*UTF8*$!
{
	archiveVersion = 1;
	classes = {
	};
	objectVersion = 46;
	objects = {

/* Begin PBXBuildFile section */
		D105F38C1E44E24400448978 /* AppDelegate.swift in Sources */ = {isa = PBXBuildFile; fileRef = D105F38B1E44E24400448978 /* AppDelegate.swift */; };
		D105F3911E44E24500448978 /* Main.storyboard in Resources */ = {isa = PBXBuildFile; fileRef = D105F38F1E44E24500448978 /* Main.storyboard */; };
		D105F3931E44E24500448978 /* Assets.xcassets in Resources */ = {isa = PBXBuildFile; fileRef = D105F3921E44E24500448978 /* Assets.xcassets */; };
		D105F3961E44E24500448978 /* LaunchScreen.storyboard in Resources */ = {isa = PBXBuildFile; fileRef = D105F3941E44E24500448978 /* LaunchScreen.storyboard */; };
		D105F39F1E44E2E700448978 /* Cards.swift in Sources */ = {isa = PBXBuildFile; fileRef = D105F39E1E44E2E700448978 /* Cards.swift */; };
		D105F3A31E44E3B200448978 /* NetworkController.swift in Sources */ = {isa = PBXBuildFile; fileRef = D105F3A21E44E3B200448978 /* NetworkController.swift */; };
		D105F3A51E44E3BC00448978 /* ImageController.swift in Sources */ = {isa = PBXBuildFile; fileRef = D105F3A41E44E3BC00448978 /* ImageController.swift */; };
		D105F3A71E44E54700448978 /* CardController.swift in Sources */ = {isa = PBXBuildFile; fileRef = D105F3A61E44E54700448978 /* CardController.swift */; };
		D105F3A91E44F29100448978 /* CardCollectionViewController.swift in Sources */ = {isa = PBXBuildFile; fileRef = D105F3A81E44F29100448978 /* CardCollectionViewController.swift */; };
/* End PBXBuildFile section */

/* Begin PBXFileReference section */
		D105F3881E44E24400448978 /* DeckofCardsStretch.app */ = {isa = PBXFileReference; explicitFileType = wrapper.application; includeInIndex = 0; path = DeckofCardsStretch.app; sourceTree = BUILT_PRODUCTS_DIR; };
		D105F38B1E44E24400448978 /* AppDelegate.swift */ = {isa = PBXFileReference; lastKnownFileType = sourcecode.swift; path = AppDelegate.swift; sourceTree = "<group>"; };
		D105F3901E44E24500448978 /* Base */ = {isa = PBXFileReference; lastKnownFileType = file.storyboard; name = Base; path = Base.lproj/Main.storyboard; sourceTree = "<group>"; };
		D105F3921E44E24500448978 /* Assets.xcassets */ = {isa = PBXFileReference; lastKnownFileType = folder.assetcatalog; path = Assets.xcassets; sourceTree = "<group>"; };
		D105F3951E44E24500448978 /* Base */ = {isa = PBXFileReference; lastKnownFileType = file.storyboard; name = Base; path = Base.lproj/LaunchScreen.storyboard; sourceTree = "<group>"; };
		D105F3971E44E24500448978 /* Info.plist */ = {isa = PBXFileReference; lastKnownFileType = text.plist.xml; path = Info.plist; sourceTree = "<group>"; };
		D105F39E1E44E2E700448978 /* Cards.swift */ = {isa = PBXFileReference; fileEncoding = 4; lastKnownFileType = sourcecode.swift; path = Cards.swift; sourceTree = "<group>"; };
		D105F3A21E44E3B200448978 /* NetworkController.swift */ = {isa = PBXFileReference; fileEncoding = 4; lastKnownFileType = sourcecode.swift; path = NetworkController.swift; sourceTree = "<group>"; };
		D105F3A41E44E3BC00448978 /* ImageController.swift */ = {isa = PBXFileReference; fileEncoding = 4; lastKnownFileType = sourcecode.swift; path = ImageController.swift; sourceTree = "<group>"; };
		D105F3A61E44E54700448978 /* CardController.swift */ = {isa = PBXFileReference; fileEncoding = 4; lastKnownFileType = sourcecode.swift; path = CardController.swift; sourceTree = "<group>"; };
		D105F3A81E44F29100448978 /* CardCollectionViewController.swift */ = {isa = PBXFileReference; fileEncoding = 4; lastKnownFileType = sourcecode.swift; path = CardCollectionViewController.swift; sourceTree = "<group>"; };
/* End PBXFileReference section */

/* Begin PBXFrameworksBuildPhase section */
		D105F3851E44E24400448978 /* Frameworks */ = {
			isa = PBXFrameworksBuildPhase;
			buildActionMask = 2147483647;
			files = (
			);
			runOnlyForDeploymentPostprocessing = 0;
		};
/* End PBXFrameworksBuildPhase section */

/* Begin PBXGroup section */
		D105F37F1E44E24400448978 = {
			isa = PBXGroup;
			children = (
				D105F38A1E44E24400448978 /* DeckofCardsStretch */,
				D105F3891E44E24400448978 /* Products */,
			);
			sourceTree = "<group>";
		};
		D105F3891E44E24400448978 /* Products */ = {
			isa = PBXGroup;
			children = (
				D105F3881E44E24400448978 /* DeckofCardsStretch.app */,
			);
			name = Products;
			sourceTree = "<group>";
		};
		D105F38A1E44E24400448978 /* DeckofCardsStretch */ = {
			isa = PBXGroup;
			children = (
				D105F38B1E44E24400448978 /* AppDelegate.swift */,
				D105F39D1E44E2D600448978 /* Model */,
				D105F3A11E44E38200448978 /* Model Controller */,
				D105F3A81E44F29100448978 /* CardCollectionViewController.swift */,
				D105F3A01E44E2EE00448978 /* Resources */,
			);
			path = DeckofCardsStretch;
			sourceTree = "<group>";
		};
		D105F39D1E44E2D600448978 /* Model */ = {
			isa = PBXGroup;
			children = (
				D105F39E1E44E2E700448978 /* Cards.swift */,
			);
			name = Model;
			sourceTree = "<group>";
		};
		D105F3A01E44E2EE00448978 /* Resources */ = {
			isa = PBXGroup;
			children = (
				D105F38F1E44E24500448978 /* Main.storyboard */,
				D105F3921E44E24500448978 /* Assets.xcassets */,
				D105F3941E44E24500448978 /* LaunchScreen.storyboard */,
				D105F3971E44E24500448978 /* Info.plist */,
			);
			name = Resources;
			sourceTree = "<group>";
		};
		D105F3A11E44E38200448978 /* Model Controller */ = {
			isa = PBXGroup;
			children = (
				D105F3A21E44E3B200448978 /* NetworkController.swift */,
				D105F3A61E44E54700448978 /* CardController.swift */,
				D105F3A41E44E3BC00448978 /* ImageController.swift */,
			);
			name = "Model Controller";
			sourceTree = "<group>";
		};
/* End PBXGroup section */

/* Begin PBXNativeTarget section */
		D105F3871E44E24400448978 /* DeckofCardsStretch */ = {
			isa = PBXNativeTarget;
			buildConfigurationList = D105F39A1E44E24500448978 /* Build configuration list for PBXNativeTarget "DeckofCardsStretch" */;
			buildPhases = (
				D105F3841E44E24400448978 /* Sources */,
				D105F3851E44E24400448978 /* Frameworks */,
				D105F3861E44E24400448978 /* Resources */,
			);
			buildRules = (
			);
			dependencies = (
			);
			name = DeckofCardsStretch;
			productName = DeckofCardsStretch;
			productReference = D105F3881E44E24400448978 /* DeckofCardsStretch.app */;
			productType = "com.apple.product-type.application";
		};
/* End PBXNativeTarget section */

/* Begin PBXProject section */
		D105F3801E44E24400448978 /* Project object */ = {
			isa = PBXProject;
			attributes = {
				LastSwiftUpdateCheck = 0820;
				LastUpgradeCheck = 0820;
				ORGANIZATIONNAME = "Evan Peterson";
				TargetAttributes = {
					D105F3871E44E24400448978 = {
						CreatedOnToolsVersion = 8.2.1;
						DevelopmentTeam = LG7M6RDJ63;
						ProvisioningStyle = Automatic;
					};
				};
			};
			buildConfigurationList = D105F3831E44E24400448978 /* Build configuration list for PBXProject "DeckofCardsStretch" */;
			compatibilityVersion = "Xcode 3.2";
			developmentRegion = English;
			hasScannedForEncodings = 0;
			knownRegions = (
				en,
				Base,
			);
			mainGroup = D105F37F1E44E24400448978;
			productRefGroup = D105F3891E44E24400448978 /* Products */;
			projectDirPath = "";
			projectRoot = "";
			targets = (
				D105F3871E44E24400448978 /* DeckofCardsStretch */,
			);
		};
/* End PBXProject section */

/* Begin PBXResourcesBuildPhase section */
		D105F3861E44E24400448978 /* Resources */ = {
			isa = PBXResourcesBuildPhase;
			buildActionMask = 2147483647;
			files = (
				D105F3961E44E24500448978 /* LaunchScreen.storyboard in Resources */,
				D105F3931E44E24500448978 /* Assets.xcassets in Resources */,
				D105F3911E44E24500448978 /* Main.storyboard in Resources */,
			);
			runOnlyForDeploymentPostprocessing = 0;
		};
/* End PBXResourcesBuildPhase section */

/* Begin PBXSourcesBuildPhase section */
		D105F3841E44E24400448978 /* Sources */ = {
			isa = PBXSourcesBuildPhase;
			buildActionMask = 2147483647;
			files = (
				D105F3A91E44F29100448978 /* CardCollectionViewController.swift in Sources */,
				D105F3A51E44E3BC00448978 /* ImageController.swift in Sources */,
				D105F3A71E44E54700448978 /* CardController.swift in Sources */,
				D105F3A31E44E3B200448978 /* NetworkController.swift in Sources */,
				D105F39F1E44E2E700448978 /* Cards.swift in Sources */,
				D105F38C1E44E24400448978 /* AppDelegate.swift in Sources */,
			);
			runOnlyForDeploymentPostprocessing = 0;
		};
/* End PBXSourcesBuildPhase section */

/* Begin PBXVariantGroup section */
		D105F38F1E44E24500448978 /* Main.storyboard */ = {
			isa = PBXVariantGroup;
			children = (
				D105F3901E44E24500448978 /* Base */,
			);
			name = Main.storyboard;
			sourceTree = "<group>";
		};
		D105F3941E44E24500448978 /* LaunchScreen.storyboard */ = {
			isa = PBXVariantGroup;
			children = (
				D105F3951E44E24500448978 /* Base */,
			);
			name = LaunchScreen.storyboard;
			sourceTree = "<group>";
		};
/* End PBXVariantGroup section */

/* Begin XCBuildConfiguration section */
		D105F3981E44E24500448978 /* Debug */ = {
			isa = XCBuildConfiguration;
			buildSettings = {
				ALWAYS_SEARCH_USER_PATHS = NO;
				CLANG_ANALYZER_NONNULL = YES;
				CLANG_CXX_LANGUAGE_STANDARD = "gnu++0x";
				CLANG_CXX_LIBRARY = "libc++";
				CLANG_ENABLE_MODULES = YES;
				CLANG_ENABLE_OBJC_ARC = YES;
				CLANG_WARN_BOOL_CONVERSION = YES;
				CLANG_WARN_CONSTANT_CONVERSION = YES;
				CLANG_WARN_DIRECT_OBJC_ISA_USAGE = YES_ERROR;
				CLANG_WARN_DOCUMENTATION_COMMENTS = YES;
				CLANG_WARN_EMPTY_BODY = YES;
				CLANG_WARN_ENUM_CONVERSION = YES;
				CLANG_WARN_INFINITE_RECURSION = YES;
				CLANG_WARN_INT_CONVERSION = YES;
				CLANG_WARN_OBJC_ROOT_CLASS = YES_ERROR;
				CLANG_WARN_SUSPICIOUS_MOVE = YES;
				CLANG_WARN_UNREACHABLE_CODE = YES;
				CLANG_WARN__DUPLICATE_METHOD_MATCH = YES;
				"CODE_SIGN_IDENTITY[sdk=iphoneos*]" = "iPhone Developer";
				COPY_PHASE_STRIP = NO;
				DEBUG_INFORMATION_FORMAT = dwarf;
				ENABLE_STRICT_OBJC_MSGSEND = YES;
				ENABLE_TESTABILITY = YES;
				GCC_C_LANGUAGE_STANDARD = gnu99;
				GCC_DYNAMIC_NO_PIC = NO;
				GCC_NO_COMMON_BLOCKS = YES;
				GCC_OPTIMIZATION_LEVEL = 0;
				GCC_PREPROCESSOR_DEFINITIONS = (
					"DEBUG=1",
					"$(inherited)",
				);
				GCC_WARN_64_TO_32_BIT_CONVERSION = YES;
				GCC_WARN_ABOUT_RETURN_TYPE = YES_ERROR;
				GCC_WARN_UNDECLARED_SELECTOR = YES;
				GCC_WARN_UNINITIALIZED_AUTOS = YES_AGGRESSIVE;
				GCC_WARN_UNUSED_FUNCTION = YES;
				GCC_WARN_UNUSED_VARIABLE = YES;
				IPHONEOS_DEPLOYMENT_TARGET = 10.2;
				MTL_ENABLE_DEBUG_INFO = YES;
				ONLY_ACTIVE_ARCH = YES;
				SDKROOT = iphoneos;
				SWIFT_ACTIVE_COMPILATION_CONDITIONS = DEBUG;
				SWIFT_OPTIMIZATION_LEVEL = "-Onone";
				TARGETED_DEVICE_FAMILY = "1,2";
			};
			name = Debug;
		};
		D105F3991E44E24500448978 /* Release */ = {
			isa = XCBuildConfiguration;
			buildSettings = {
				ALWAYS_SEARCH_USER_PATHS = NO;
				CLANG_ANALYZER_NONNULL = YES;
				CLANG_CXX_LANGUAGE_STANDARD = "gnu++0x";
				CLANG_CXX_LIBRARY = "libc++";
				CLANG_ENABLE_MODULES = YES;
				CLANG_ENABLE_OBJC_ARC = YES;
				CLANG_WARN_BOOL_CONVERSION = YES;
				CLANG_WARN_CONSTANT_CONVERSION = YES;
				CLANG_WARN_DIRECT_OBJC_ISA_USAGE = YES_ERROR;
				CLANG_WARN_DOCUMENTATION_COMMENTS = YES;
				CLANG_WARN_EMPTY_BODY = YES;
				CLANG_WARN_ENUM_CONVERSION = YES;
				CLANG_WARN_INFINITE_RECURSION = YES;
				CLANG_WARN_INT_CONVERSION = YES;
				CLANG_WARN_OBJC_ROOT_CLASS = YES_ERROR;
				CLANG_WARN_SUSPICIOUS_MOVE = YES;
				CLANG_WARN_UNREACHABLE_CODE = YES;
				CLANG_WARN__DUPLICATE_METHOD_MATCH = YES;
				"CODE_SIGN_IDENTITY[sdk=iphoneos*]" = "iPhone Developer";
				COPY_PHASE_STRIP = NO;
				DEBUG_INFORMATION_FORMAT = "dwarf-with-dsym";
				ENABLE_NS_ASSERTIONS = NO;
				ENABLE_STRICT_OBJC_MSGSEND = YES;
				GCC_C_LANGUAGE_STANDARD = gnu99;
				GCC_NO_COMMON_BLOCKS = YES;
				GCC_WARN_64_TO_32_BIT_CONVERSION = YES;
				GCC_WARN_ABOUT_RETURN_TYPE = YES_ERROR;
				GCC_WARN_UNDECLARED_SELECTOR = YES;
				GCC_WARN_UNINITIALIZED_AUTOS = YES_AGGRESSIVE;
				GCC_WARN_UNUSED_FUNCTION = YES;
				GCC_WARN_UNUSED_VARIABLE = YES;
				IPHONEOS_DEPLOYMENT_TARGET = 10.2;
				MTL_ENABLE_DEBUG_INFO = NO;
				SDKROOT = iphoneos;
				SWIFT_OPTIMIZATION_LEVEL = "-Owholemodule";
				TARGETED_DEVICE_FAMILY = "1,2";
				VALIDATE_PRODUCT = YES;
			};
			name = Release;
		};
		D105F39B1E44E24500448978 /* Debug */ = {
			isa = XCBuildConfiguration;
			buildSettings = {
				ASSETCATALOG_COMPILER_APPICON_NAME = AppIcon;
				DEVELOPMENT_TEAM = LG7M6RDJ63;
				INFOPLIST_FILE = DeckofCardsStretch/Info.plist;
				LD_RUNPATH_SEARCH_PATHS = "$(inherited) @executable_path/Frameworks";
				PRODUCT_BUNDLE_IDENTIFIER = com.evanpeterson.DeckofCardsStretch;
				PRODUCT_NAME = "$(TARGET_NAME)";
				SWIFT_VERSION = 3.0;
			};
			name = Debug;
		};
		D105F39C1E44E24500448978 /* Release */ = {
			isa = XCBuildConfiguration;
			buildSettings = {
				ASSETCATALOG_COMPILER_APPICON_NAME = AppIcon;
				DEVELOPMENT_TEAM = LG7M6RDJ63;
				INFOPLIST_FILE = DeckofCardsStretch/Info.plist;
				LD_RUNPATH_SEARCH_PATHS = "$(inherited) @executable_path/Frameworks";
				PRODUCT_BUNDLE_IDENTIFIER = com.evanpeterson.DeckofCardsStretch;
				PRODUCT_NAME = "$(TARGET_NAME)";
				SWIFT_VERSION = 3.0;
			};
			name = Release;
		};
/* End XCBuildConfiguration section */

/* Begin XCConfigurationList section */
		D105F3831E44E24400448978 /* Build configuration list for PBXProject "DeckofCardsStretch" */ = {
			isa = XCConfigurationList;
			buildConfigurations = (
				D105F3981E44E24500448978 /* Debug */,
				D105F3991E44E24500448978 /* Release */,
			);
			defaultConfigurationIsVisible = 0;
			defaultConfigurationName = Release;
		};
		D105F39A1E44E24500448978 /* Build configuration list for PBXNativeTarget "DeckofCardsStretch" */ = {
			isa = XCConfigurationList;
			buildConfigurations = (
				D105F39B1E44E24500448978 /* Debug */,
				D105F39C1E44E24500448978 /* Release */,
			);
			defaultConfigurationIsVisible = 0;
		};
/* End XCConfigurationList section */
	};
	rootObject = D105F3801E44E24400448978 /* Project object */;
}
